<Solution>
  <Folder Name="/Core/">
    <Project Path="Musify.Domain/Musify.Domain.csproj" />
    <Project Path="Musify.Application/Musify.Application.csproj" />
    <Project Path="Musify.Infrastructure/Musify.Infrastructure.csproj" />
  </Folder>
  <Folder Name="/Hosts/">
    <Project Path="Musify.Api/Musify.Api.csproj" />
    <Project Path="Musify.Worker/Musify.Worker.csproj" />
    <Project Path="Musify.StreamingGateway/Musify.StreamingGateway.csproj" />
  </Folder>
</Solution>
