<Solution>
  <Folder Name="/Core/">
    <Project Path="Core/Musify.Domain/Domain.csproj" />
    <Project Path="Core/Musify.Application/Application.csproj" />
    <Project Path="Core/Musify.Infrastructure/Infrastructure.csproj" />
  </Folder>
  <Folder Name="/Hosts/">
    <Project Path="Hosts/Musify.Api/Api.csproj" />
    <Project Path="Hosts/Musify.Worker/Worker.csproj" />
    <Project Path="Hosts/Musify.StreamingGateway/StreamingGateway.csproj" />
  </Folder>
  <Folder Name="/Tests/">
    <Project Path="Tests/Musify.Domain.Tests/Domain.Tests.csproj" />
    <Project Path="Tests/Musify.Application.Tests/Application.Tests.csproj" />
    <Project Path="Tests/Musify.Infrastructure.Tests/Infrastructure.Tests.csproj" />
    <Project Path="Tests/Musify.Api.Tests/Api.Tests.csproj" />
    <Project Path="Tests/Musify.StreamingGateway.Tests/StreamingGateway.Tests.csproj" />
  </Folder>
</Solution>
