<Solution>
  <Folder Name="/Core/">
    <Project Path="Core/Musify.Domain/Musify.Domain.csproj" />
    <Project Path="Core/Musify.Application/Musify.Application.csproj" />
    <Project Path="Core/Musify.Infrastructure/Musify.Infrastructure.csproj" />
  </Folder>
  <Folder Name="/Hosts/">
    <Project Path="Hosts/Musify.Api/Musify.Api.csproj" />
    <Project Path="Hosts/Musify.Worker/Musify.Worker.csproj" />
    <Project Path="Hosts/Musify.StreamingGateway/Musify.StreamingGateway.csproj" />
  </Folder>
  <Folder Name="/Tests/">
    <Project Path="Tests/Musify.Domain.Tests/Musify.Domain.Tests.csproj" />
    <Project Path="Tests/Musify.Application.Tests/Musify.Application.Tests.csproj" />
  </Folder>
</Solution>
